
Microsoft Visual Studio Solution File, Format Version 12.00
# Visual Studio Version 17
VisualStudioVersion = 17.6.33723.286
MinimumVisualStudioVersion = 10.0.40219.1
Project("{9A19103F-16F7-4668-BE54-9A1E7A4F7556}") = "BfmeOnlineKitWpfExample", "BfmeOnlineKitWpfExample\BfmeOnlineKitWpfExample.csproj", "{F3C5C20B-5C3D-40FE-B7A6-7DD92ED1DD56}"
EndProject
Global
	GlobalSection(SolutionConfigurationPlatforms) = preSolution
		Debug|Any CPU = Debug|Any CPU
		Release|Any CPU = Release|Any CPU
	EndGlobalSection
	GlobalSection(ProjectConfigurationPlatforms) = postSolution
		{F3C5C20B-5C3D-40FE-B7A6-7DD92ED1DD56}.Debug|Any CPU.ActiveCfg = Debug|Any CPU
		{F3C5C20B-5C3D-40FE-B7A6-7DD92ED1DD56}.Debug|Any CPU.Build.0 = Debug|Any CPU
		{F3C5C20B-5C3D-40FE-B7A6-7DD92ED1DD56}.Release|Any CPU.ActiveCfg = Release|Any CPU
		{F3C5C20B-5C3D-40FE-B7A6-7DD92ED1DD56}.Release|Any CPU.Build.0 = Release|Any CPU
	EndGlobalSection
	GlobalSection(SolutionProperties) = preSolution
		HideSolutionNode = FALSE
	EndGlobalSection
	GlobalSection(ExtensibilityGlobals) = postSolution
		SolutionGuid = {BEB501D0-55AE-4722-8DD5-9DC53A0FAAD7}
	EndGlobalSection
EndGlobal
